// !$*UTF8*$!
{
	archiveVersion = 1;
	classes = {
	};
	objectVersion = 50;
	objects = {

/* Begin PBXBuildFile section */
		E63982C1224F694E00F29F99 /* UIColor+hex.m in Sources */ = {isa = PBXBuildFile; fileRef = E63982C0224F694E00F29F99 /* UIColor+hex.m */; };
		E63982C4224F796500F29F99 /* ThemeManager.m in Sources */ = {isa = PBXBuildFile; fileRef = E63982C3224F796500F29F99 /* ThemeManager.m */; };
		E6745731224F841A002FB628 /* QDThemeManager.m in Sources */ = {isa = PBXBuildFile; fileRef = E6745730224F841A002FB628 /* QDThemeManager.m */; };
		E6745735224F912A002FB628 /* LVThemeString.m in Sources */ = {isa = PBXBuildFile; fileRef = E6745734224F912A002FB628 /* LVThemeString.m */; };
		E6CC1BCC224F5DDB00A5C282 /* AppDelegate.m in Sources */ = {isa = PBXBuildFile; fileRef = E6CC1BCB224F5DDB00A5C282 /* AppDelegate.m */; };
		E6CC1BCF224F5DDB00A5C282 /* ViewController.m in Sources */ = {isa = PBXBuildFile; fileRef = E6CC1BCE224F5DDB00A5C282 /* ViewController.m */; };
		E6CC1BD2224F5DDB00A5C282 /* Main.storyboard in Resources */ = {isa = PBXBuildFile; fileRef = E6CC1BD0224F5DDB00A5C282 /* Main.storyboard */; };
		E6CC1BD4224F5DDB00A5C282 /* Assets.xcassets in Resources */ = {isa = PBXBuildFile; fileRef = E6CC1BD3224F5DDB00A5C282 /* Assets.xcassets */; };
		E6CC1BD7224F5DDB00A5C282 /* LaunchScreen.storyboard in Resources */ = {isa = PBXBuildFile; fileRef = E6CC1BD5224F5DDB00A5C282 /* LaunchScreen.storyboard */; };
		E6CC1BDA224F5DDB00A5C282 /* main.m in Sources */ = {isa = PBXBuildFile; fileRef = E6CC1BD9224F5DDB00A5C282 /* main.m */; };
		E6CC1BE3224F5E3700A5C282 /* LVThemeKit.m in Sources */ = {isa = PBXBuildFile; fileRef = E6CC1BE2224F5E3700A5C282 /* LVThemeKit.m */; };
		E6CC1BEC224F5E7F00A5C282 /* LVThemeResource.m in Sources */ = {isa = PBXBuildFile; fileRef = E6CC1BEB224F5E7F00A5C282 /* LVThemeResource.m */; };
		E6CC1BEF224F5F8900A5C282 /* LVThemeColor.m in Sources */ = {isa = PBXBuildFile; fileRef = E6CC1BEE224F5F8900A5C282 /* LVThemeColor.m */; };
		E6CC1BF2224F5FE500A5C282 /* LVThemeImage.m in Sources */ = {isa = PBXBuildFile; fileRef = E6CC1BF1224F5FE500A5C282 /* LVThemeImage.m */; };
		E6CC1BF5224F600A00A5C282 /* UIView+LVThemeKit.m in Sources */ = {isa = PBXBuildFile; fileRef = E6CC1BF4224F600A00A5C282 /* UIView+LVThemeKit.m */; };
		E6CC1BF8224F615000A5C282 /* UILabel+LVThemeKit.m in Sources */ = {isa = PBXBuildFile; fileRef = E6CC1BF7224F615000A5C282 /* UILabel+LVThemeKit.m */; };
		E6CC1BFB224F61D700A5C282 /* UIButton+LVThemeKit.m in Sources */ = {isa = PBXBuildFile; fileRef = E6CC1BFA224F61D700A5C282 /* UIButton+LVThemeKit.m */; };
		E6CC1BFF224F63A500A5C282 /* ReaderThemeManager.m in Sources */ = {isa = PBXBuildFile; fileRef = E6CC1BFE224F63A500A5C282 /* ReaderThemeManager.m */; };
		E6CC1C02224F640D00A5C282 /* AppThemeManager.m in Sources */ = {isa = PBXBuildFile; fileRef = E6CC1C01224F640D00A5C282 /* AppThemeManager.m */; };
/* End PBXBuildFile section */

/* Begin PBXFileReference section */
		E63982BF224F694E00F29F99 /* UIColor+hex.h */ = {isa = PBXFileReference; lastKnownFileType = sourcecode.c.h; path = "UIColor+hex.h"; sourceTree = "<group>"; };
		E63982C0224F694E00F29F99 /* UIColor+hex.m */ = {isa = PBXFileReference; lastKnownFileType = sourcecode.c.objc; path = "UIColor+hex.m"; sourceTree = "<group>"; };
		E63982C3224F796500F29F99 /* ThemeManager.m */ = {isa = PBXFileReference; lastKnownFileType = sourcecode.c.objc; path = ThemeManager.m; sourceTree = "<group>"; };
		E674572F224F841A002FB628 /* QDThemeManager.h */ = {isa = PBXFileReference; lastKnownFileType = sourcecode.c.h; path = QDThemeManager.h; sourceTree = "<group>"; };
		E6745730224F841A002FB628 /* QDThemeManager.m */ = {isa = PBXFileReference; lastKnownFileType = sourcecode.c.objc; path = QDThemeManager.m; sourceTree = "<group>"; };
		E6745733224F912A002FB628 /* LVThemeString.h */ = {isa = PBXFileReference; lastKnownFileType = sourcecode.c.h; path = LVThemeString.h; sourceTree = "<group>"; };
		E6745734224F912A002FB628 /* LVThemeString.m */ = {isa = PBXFileReference; lastKnownFileType = sourcecode.c.objc; path = LVThemeString.m; sourceTree = "<group>"; };
		E6CC1BC7224F5DDB00A5C282 /* LVThemeKit.app */ = {isa = PBXFileReference; explicitFileType = wrapper.application; includeInIndex = 0; path = LVThemeKit.app; sourceTree = BUILT_PRODUCTS_DIR; };
		E6CC1BCA224F5DDB00A5C282 /* AppDelegate.h */ = {isa = PBXFileReference; lastKnownFileType = sourcecode.c.h; path = AppDelegate.h; sourceTree = "<group>"; };
		E6CC1BCB224F5DDB00A5C282 /* AppDelegate.m */ = {isa = PBXFileReference; lastKnownFileType = sourcecode.c.objc; path = AppDelegate.m; sourceTree = "<group>"; };
		E6CC1BCD224F5DDB00A5C282 /* ViewController.h */ = {isa = PBXFileReference; lastKnownFileType = sourcecode.c.h; path = ViewController.h; sourceTree = "<group>"; };
		E6CC1BCE224F5DDB00A5C282 /* ViewController.m */ = {isa = PBXFileReference; lastKnownFileType = sourcecode.c.objc; path = ViewController.m; sourceTree = "<group>"; };
		E6CC1BD1224F5DDB00A5C282 /* Base */ = {isa = PBXFileReference; lastKnownFileType = file.storyboard; name = Base; path = Base.lproj/Main.storyboard; sourceTree = "<group>"; };
		E6CC1BD3224F5DDB00A5C282 /* Assets.xcassets */ = {isa = PBXFileReference; lastKnownFileType = folder.assetcatalog; path = Assets.xcassets; sourceTree = "<group>"; };
		E6CC1BD6224F5DDB00A5C282 /* Base */ = {isa = PBXFileReference; lastKnownFileType = file.storyboard; name = Base; path = Base.lproj/LaunchScreen.storyboard; sourceTree = "<group>"; };
		E6CC1BD8224F5DDB00A5C282 /* Info.plist */ = {isa = PBXFileReference; lastKnownFileType = text.plist.xml; path = Info.plist; sourceTree = "<group>"; };
		E6CC1BD9224F5DDB00A5C282 /* main.m */ = {isa = PBXFileReference; lastKnownFileType = sourcecode.c.objc; path = main.m; sourceTree = "<group>"; };
		E6CC1BE1224F5E3700A5C282 /* LVThemeKit.h */ = {isa = PBXFileReference; lastKnownFileType = sourcecode.c.h; path = LVThemeKit.h; sourceTree = "<group>"; };
		E6CC1BE2224F5E3700A5C282 /* LVThemeKit.m */ = {isa = PBXFileReference; lastKnownFileType = sourcecode.c.objc; path = LVThemeKit.m; sourceTree = "<group>"; };
		E6CC1BEA224F5E7F00A5C282 /* LVThemeResource.h */ = {isa = PBXFileReference; lastKnownFileType = sourcecode.c.h; path = LVThemeResource.h; sourceTree = "<group>"; };
		E6CC1BEB224F5E7F00A5C282 /* LVThemeResource.m */ = {isa = PBXFileReference; lastKnownFileType = sourcecode.c.objc; path = LVThemeResource.m; sourceTree = "<group>"; };
		E6CC1BED224F5F8900A5C282 /* LVThemeColor.h */ = {isa = PBXFileReference; lastKnownFileType = sourcecode.c.h; path = LVThemeColor.h; sourceTree = "<group>"; };
		E6CC1BEE224F5F8900A5C282 /* LVThemeColor.m */ = {isa = PBXFileReference; lastKnownFileType = sourcecode.c.objc; path = LVThemeColor.m; sourceTree = "<group>"; };
		E6CC1BF0224F5FE500A5C282 /* LVThemeImage.h */ = {isa = PBXFileReference; lastKnownFileType = sourcecode.c.h; path = LVThemeImage.h; sourceTree = "<group>"; };
		E6CC1BF1224F5FE500A5C282 /* LVThemeImage.m */ = {isa = PBXFileReference; lastKnownFileType = sourcecode.c.objc; path = LVThemeImage.m; sourceTree = "<group>"; };
		E6CC1BF3224F600A00A5C282 /* UIView+LVThemeKit.h */ = {isa = PBXFileReference; lastKnownFileType = sourcecode.c.h; path = "UIView+LVThemeKit.h"; sourceTree = "<group>"; };
		E6CC1BF4224F600A00A5C282 /* UIView+LVThemeKit.m */ = {isa = PBXFileReference; lastKnownFileType = sourcecode.c.objc; path = "UIView+LVThemeKit.m"; sourceTree = "<group>"; };
		E6CC1BF6224F615000A5C282 /* UILabel+LVThemeKit.h */ = {isa = PBXFileReference; lastKnownFileType = sourcecode.c.h; path = "UILabel+LVThemeKit.h"; sourceTree = "<group>"; };
		E6CC1BF7224F615000A5C282 /* UILabel+LVThemeKit.m */ = {isa = PBXFileReference; lastKnownFileType = sourcecode.c.objc; path = "UILabel+LVThemeKit.m"; sourceTree = "<group>"; };
		E6CC1BF9224F61D700A5C282 /* UIButton+LVThemeKit.h */ = {isa = PBXFileReference; lastKnownFileType = sourcecode.c.h; path = "UIButton+LVThemeKit.h"; sourceTree = "<group>"; };
		E6CC1BFA224F61D700A5C282 /* UIButton+LVThemeKit.m */ = {isa = PBXFileReference; lastKnownFileType = sourcecode.c.objc; path = "UIButton+LVThemeKit.m"; sourceTree = "<group>"; };
		E6CC1BFD224F63A500A5C282 /* ReaderThemeManager.h */ = {isa = PBXFileReference; lastKnownFileType = sourcecode.c.h; path = ReaderThemeManager.h; sourceTree = "<group>"; };
		E6CC1BFE224F63A500A5C282 /* ReaderThemeManager.m */ = {isa = PBXFileReference; lastKnownFileType = sourcecode.c.objc; path = ReaderThemeManager.m; sourceTree = "<group>"; };
		E6CC1C00224F640D00A5C282 /* AppThemeManager.h */ = {isa = PBXFileReference; lastKnownFileType = sourcecode.c.h; path = AppThemeManager.h; sourceTree = "<group>"; };
		E6CC1C01224F640D00A5C282 /* AppThemeManager.m */ = {isa = PBXFileReference; lastKnownFileType = sourcecode.c.objc; path = AppThemeManager.m; sourceTree = "<group>"; };
		E6CC1C03224F642900A5C282 /* ThemeManager.h */ = {isa = PBXFileReference; lastKnownFileType = sourcecode.c.h; path = ThemeManager.h; sourceTree = "<group>"; };
/* End PBXFileReference section */

/* Begin PBXFrameworksBuildPhase section */
		E6CC1BC4224F5DDB00A5C282 /* Frameworks */ = {
			isa = PBXFrameworksBuildPhase;
			buildActionMask = 2147483647;
			files = (
			);
			runOnlyForDeploymentPostprocessing = 0;
		};
/* End PBXFrameworksBuildPhase section */

/* Begin PBXGroup section */
		E6CC1BBE224F5DDB00A5C282 = {
			isa = PBXGroup;
			children = (
				E6CC1BC9224F5DDB00A5C282 /* LVThemeKit */,
				E6CC1BC8224F5DDB00A5C282 /* Products */,
			);
			sourceTree = "<group>";
		};
		E6CC1BC8224F5DDB00A5C282 /* Products */ = {
			isa = PBXGroup;
			children = (
				E6CC1BC7224F5DDB00A5C282 /* LVThemeKit.app */,
			);
			name = Products;
			sourceTree = "<group>";
		};
		E6CC1BC9224F5DDB00A5C282 /* LVThemeKit */ = {
			isa = PBXGroup;
			children = (
				E6CC1C04224F666400A5C282 /* Util */,
				E6CC1BE0224F5E2C00A5C282 /* Source */,
				E6CC1BCA224F5DDB00A5C282 /* AppDelegate.h */,
				E6CC1BCB224F5DDB00A5C282 /* AppDelegate.m */,
				E6CC1BCD224F5DDB00A5C282 /* ViewController.h */,
				E6CC1BCE224F5DDB00A5C282 /* ViewController.m */,
				E6CC1BD0224F5DDB00A5C282 /* Main.storyboard */,
				E6CC1BD3224F5DDB00A5C282 /* Assets.xcassets */,
				E6CC1BD5224F5DDB00A5C282 /* LaunchScreen.storyboard */,
				E6CC1BD8224F5DDB00A5C282 /* Info.plist */,
				E6CC1BD9224F5DDB00A5C282 /* main.m */,
			);
			path = LVThemeKit;
			sourceTree = "<group>";
		};
		E6CC1BE0224F5E2C00A5C282 /* Source */ = {
			isa = PBXGroup;
			children = (
				E6CC1BFC224F638B00A5C282 /* ThemeManager */,
				E6CC1BE1224F5E3700A5C282 /* LVThemeKit.h */,
				E6CC1BE2224F5E3700A5C282 /* LVThemeKit.m */,
				E6CC1BEA224F5E7F00A5C282 /* LVThemeResource.h */,
				E6CC1BEB224F5E7F00A5C282 /* LVThemeResource.m */,
				E6CC1BED224F5F8900A5C282 /* LVThemeColor.h */,
				E6CC1BEE224F5F8900A5C282 /* LVThemeColor.m */,
				E6CC1BF0224F5FE500A5C282 /* LVThemeImage.h */,
				E6CC1BF1224F5FE500A5C282 /* LVThemeImage.m */,
				E6745733224F912A002FB628 /* LVThemeString.h */,
				E6745734224F912A002FB628 /* LVThemeString.m */,
				E6CC1BF3224F600A00A5C282 /* UIView+LVThemeKit.h */,
				E6CC1BF4224F600A00A5C282 /* UIView+LVThemeKit.m */,
				E6CC1BF6224F615000A5C282 /* UILabel+LVThemeKit.h */,
				E6CC1BF7224F615000A5C282 /* UILabel+LVThemeKit.m */,
				E6CC1BF9224F61D700A5C282 /* UIButton+LVThemeKit.h */,
				E6CC1BFA224F61D700A5C282 /* UIButton+LVThemeKit.m */,
			);
			path = Source;
			sourceTree = "<group>";
		};
		E6CC1BFC224F638B00A5C282 /* ThemeManager */ = {
			isa = PBXGroup;
			children = (
				E6CC1C03224F642900A5C282 /* ThemeManager.h */,
				E63982C3224F796500F29F99 /* ThemeManager.m */,
				E6CC1BFD224F63A500A5C282 /* ReaderThemeManager.h */,
				E6CC1BFE224F63A500A5C282 /* ReaderThemeManager.m */,
				E6CC1C00224F640D00A5C282 /* AppThemeManager.h */,
				E6CC1C01224F640D00A5C282 /* AppThemeManager.m */,
				E674572F224F841A002FB628 /* QDThemeManager.h */,
				E6745730224F841A002FB628 /* QDThemeManager.m */,
			);
			path = ThemeManager;
			sourceTree = "<group>";
		};
		E6CC1C04224F666400A5C282 /* Util */ = {
			isa = PBXGroup;
			children = (
				E63982BF224F694E00F29F99 /* UIColor+hex.h */,
				E63982C0224F694E00F29F99 /* UIColor+hex.m */,
			);
			path = Util;
			sourceTree = "<group>";
		};
/* End PBXGroup section */

/* Begin PBXNativeTarget section */
		E6CC1BC6224F5DDB00A5C282 /* LVThemeKit */ = {
			isa = PBXNativeTarget;
			buildConfigurationList = E6CC1BDD224F5DDB00A5C282 /* Build configuration list for PBXNativeTarget "LVThemeKit" */;
			buildPhases = (
				E6CC1BC3224F5DDB00A5C282 /* Sources */,
				E6CC1BC4224F5DDB00A5C282 /* Frameworks */,
				E6CC1BC5224F5DDB00A5C282 /* Resources */,
			);
			buildRules = (
			);
			dependencies = (
			);
			name = LVThemeKit;
			productName = LVThemeKit;
			productReference = E6CC1BC7224F5DDB00A5C282 /* LVThemeKit.app */;
			productType = "com.apple.product-type.application";
		};
/* End PBXNativeTarget section */

/* Begin PBXProject section */
		E6CC1BBF224F5DDB00A5C282 /* Project object */ = {
			isa = PBXProject;
			attributes = {
				LastUpgradeCheck = 1020;
				ORGANIZATIONNAME = lvpengwei;
				TargetAttributes = {
					E6CC1BC6224F5DDB00A5C282 = {
						CreatedOnToolsVersion = 10.2;
					};
				};
			};
			buildConfigurationList = E6CC1BC2224F5DDB00A5C282 /* Build configuration list for PBXProject "LVThemeKit" */;
			compatibilityVersion = "Xcode 9.3";
			developmentRegion = en;
			hasScannedForEncodings = 0;
			knownRegions = (
				en,
				Base,
			);
			mainGroup = E6CC1BBE224F5DDB00A5C282;
			productRefGroup = E6CC1BC8224F5DDB00A5C282 /* Products */;
			projectDirPath = "";
			projectRoot = "";
			targets = (
				E6CC1BC6224F5DDB00A5C282 /* LVThemeKit */,
			);
		};
/* End PBXProject section */

/* Begin PBXResourcesBuildPhase section */
		E6CC1BC5224F5DDB00A5C282 /* Resources */ = {
			isa = PBXResourcesBuildPhase;
			buildActionMask = 2147483647;
			files = (
				E6CC1BD7224F5DDB00A5C282 /* LaunchScreen.storyboard in Resources */,
				E6CC1BD4224F5DDB00A5C282 /* Assets.xcassets in Resources */,
				E6CC1BD2224F5DDB00A5C282 /* Main.storyboard in Resources */,
			);
			runOnlyForDeploymentPostprocessing = 0;
		};
/* End PBXResourcesBuildPhase section */

/* Begin PBXSourcesBuildPhase section */
		E6CC1BC3224F5DDB00A5C282 /* Sources */ = {
			isa = PBXSourcesBuildPhase;
			buildActionMask = 2147483647;
			files = (
				E6745731224F841A002FB628 /* QDThemeManager.m in Sources */,
				E6CC1BF8224F615000A5C282 /* UILabel+LVThemeKit.m in Sources */,
				E63982C4224F796500F29F99 /* ThemeManager.m in Sources */,
				E63982C1224F694E00F29F99 /* UIColor+hex.m in Sources */,
				E6CC1BE3224F5E3700A5C282 /* LVThemeKit.m in Sources */,
				E6CC1BF2224F5FE500A5C282 /* LVThemeImage.m in Sources */,
				E6745735224F912A002FB628 /* LVThemeString.m in Sources */,
				E6CC1BFF224F63A500A5C282 /* ReaderThemeManager.m in Sources */,
				E6CC1BEF224F5F8900A5C282 /* LVThemeColor.m in Sources */,
				E6CC1BCF224F5DDB00A5C282 /* ViewController.m in Sources */,
				E6CC1BDA224F5DDB00A5C282 /* main.m in Sources */,
				E6CC1BFB224F61D700A5C282 /* UIButton+LVThemeKit.m in Sources */,
				E6CC1BCC224F5DDB00A5C282 /* AppDelegate.m in Sources */,
				E6CC1BEC224F5E7F00A5C282 /* LVThemeResource.m in Sources */,
				E6CC1BF5224F600A00A5C282 /* UIView+LVThemeKit.m in Sources */,
				E6CC1C02224F640D00A5C282 /* AppThemeManager.m in Sources */,
			);
			runOnlyForDeploymentPostprocessing = 0;
		};
/* End PBXSourcesBuildPhase section */

/* Begin PBXVariantGroup section */
		E6CC1BD0224F5DDB00A5C282 /* Main.storyboard */ = {
			isa = PBXVariantGroup;
			children = (
				E6CC1BD1224F5DDB00A5C282 /* Base */,
			);
			name = Main.storyboard;
			sourceTree = "<group>";
		};
		E6CC1BD5224F5DDB00A5C282 /* LaunchScreen.storyboard */ = {
			isa = PBXVariantGroup;
			children = (
				E6CC1BD6224F5DDB00A5C282 /* Base */,
			);
			name = LaunchScreen.storyboard;
			sourceTree = "<group>";
		};
/* End PBXVariantGroup section */

/* Begin XCBuildConfiguration section */
		E6CC1BDB224F5DDB00A5C282 /* Debug */ = {
			isa = XCBuildConfiguration;
			buildSettings = {
				ALWAYS_SEARCH_USER_PATHS = NO;
				CLANG_ANALYZER_NONNULL = YES;
				CLANG_ANALYZER_NUMBER_OBJECT_CONVERSION = YES_AGGRESSIVE;
				CLANG_CXX_LANGUAGE_STANDARD = "gnu++14";
				CLANG_CXX_LIBRARY = "libc++";
				CLANG_ENABLE_MODULES = YES;
				CLANG_ENABLE_OBJC_ARC = YES;
				CLANG_ENABLE_OBJC_WEAK = YES;
				CLANG_WARN_BLOCK_CAPTURE_AUTORELEASING = YES;
				CLANG_WARN_BOOL_CONVERSION = YES;
				CLANG_WARN_COMMA = YES;
				CLANG_WARN_CONSTANT_CONVERSION = YES;
				CLANG_WARN_DEPRECATED_OBJC_IMPLEMENTATIONS = YES;
				CLANG_WARN_DIRECT_OBJC_ISA_USAGE = YES_ERROR;
				CLANG_WARN_DOCUMENTATION_COMMENTS = YES;
				CLANG_WARN_EMPTY_BODY = YES;
				CLANG_WARN_ENUM_CONVERSION = YES;
				CLANG_WARN_INFINITE_RECURSION = YES;
				CLANG_WARN_INT_CONVERSION = YES;
				CLANG_WARN_NON_LITERAL_NULL_CONVERSION = YES;
				CLANG_WARN_OBJC_IMPLICIT_RETAIN_SELF = YES;
				CLANG_WARN_OBJC_LITERAL_CONVERSION = YES;
				CLANG_WARN_OBJC_ROOT_CLASS = YES_ERROR;
				CLANG_WARN_RANGE_LOOP_ANALYSIS = YES;
				CLANG_WARN_STRICT_PROTOTYPES = YES;
				CLANG_WARN_SUSPICIOUS_MOVE = YES;
				CLANG_WARN_UNGUARDED_AVAILABILITY = YES_AGGRESSIVE;
				CLANG_WARN_UNREACHABLE_CODE = YES;
				CLANG_WARN__DUPLICATE_METHOD_MATCH = YES;
				CODE_SIGN_IDENTITY = "iPhone Developer";
				COPY_PHASE_STRIP = NO;
				DEBUG_INFORMATION_FORMAT = dwarf;
				ENABLE_STRICT_OBJC_MSGSEND = YES;
				ENABLE_TESTABILITY = YES;
				GCC_C_LANGUAGE_STANDARD = gnu11;
				GCC_DYNAMIC_NO_PIC = NO;
				GCC_NO_COMMON_BLOCKS = YES;
				GCC_OPTIMIZATION_LEVEL = 0;
				GCC_PREPROCESSOR_DEFINITIONS = (
					"DEBUG=1",
					"$(inherited)",
				);
				GCC_WARN_64_TO_32_BIT_CONVERSION = YES;
				GCC_WARN_ABOUT_RETURN_TYPE = YES_ERROR;
				GCC_WARN_UNDECLARED_SELECTOR = YES;
				GCC_WARN_UNINITIALIZED_AUTOS = YES_AGGRESSIVE;
				GCC_WARN_UNUSED_FUNCTION = YES;
				GCC_WARN_UNUSED_VARIABLE = YES;
				IPHONEOS_DEPLOYMENT_TARGET = 12.2;
				MTL_ENABLE_DEBUG_INFO = INCLUDE_SOURCE;
				MTL_FAST_MATH = YES;
				ONLY_ACTIVE_ARCH = YES;
				SDKROOT = iphoneos;
			};
			name = Debug;
		};
		E6CC1BDC224F5DDB00A5C282 /* Release */ = {
			isa = XCBuildConfiguration;
			buildSettings = {
				ALWAYS_SEARCH_USER_PATHS = NO;
				CLANG_ANALYZER_NONNULL = YES;
				CLANG_ANALYZER_NUMBER_OBJECT_CONVERSION = YES_AGGRESSIVE;
				CLANG_CXX_LANGUAGE_STANDARD = "gnu++14";
				CLANG_CXX_LIBRARY = "libc++";
				CLANG_ENABLE_MODULES = YES;
				CLANG_ENABLE_OBJC_ARC = YES;
				CLANG_ENABLE_OBJC_WEAK = YES;
				CLANG_WARN_BLOCK_CAPTURE_AUTORELEASING = YES;
				CLANG_WARN_BOOL_CONVERSION = YES;
				CLANG_WARN_COMMA = YES;
				CLANG_WARN_CONSTANT_CONVERSION = YES;
				CLANG_WARN_DEPRECATED_OBJC_IMPLEMENTATIONS = YES;
				CLANG_WARN_DIRECT_OBJC_ISA_USAGE = YES_ERROR;
				CLANG_WARN_DOCUMENTATION_COMMENTS = YES;
				CLANG_WARN_EMPTY_BODY = YES;
				CLANG_WARN_ENUM_CONVERSION = YES;
				CLANG_WARN_INFINITE_RECURSION = YES;
				CLANG_WARN_INT_CONVERSION = YES;
				CLANG_WARN_NON_LITERAL_NULL_CONVERSION = YES;
				CLANG_WARN_OBJC_IMPLICIT_RETAIN_SELF = YES;
				CLANG_WARN_OBJC_LITERAL_CONVERSION = YES;
				CLANG_WARN_OBJC_ROOT_CLASS = YES_ERROR;
				CLANG_WARN_RANGE_LOOP_ANALYSIS = YES;
				CLANG_WARN_STRICT_PROTOTYPES = YES;
				CLANG_WARN_SUSPICIOUS_MOVE = YES;
				CLANG_WARN_UNGUARDED_AVAILABILITY = YES_AGGRESSIVE;
				CLANG_WARN_UNREACHABLE_CODE = YES;
				CLANG_WARN__DUPLICATE_METHOD_MATCH = YES;
				CODE_SIGN_IDENTITY = "iPhone Developer";
				COPY_PHASE_STRIP = NO;
				DEBUG_INFORMATION_FORMAT = "dwarf-with-dsym";
				ENABLE_NS_ASSERTIONS = NO;
				ENABLE_STRICT_OBJC_MSGSEND = YES;
				GCC_C_LANGUAGE_STANDARD = gnu11;
				GCC_NO_COMMON_BLOCKS = YES;
				GCC_WARN_64_TO_32_BIT_CONVERSION = YES;
				GCC_WARN_ABOUT_RETURN_TYPE = YES_ERROR;
				GCC_WARN_UNDECLARED_SELECTOR = YES;
				GCC_WARN_UNINITIALIZED_AUTOS = YES_AGGRESSIVE;
				GCC_WARN_UNUSED_FUNCTION = YES;
				GCC_WARN_UNUSED_VARIABLE = YES;
				IPHONEOS_DEPLOYMENT_TARGET = 12.2;
				MTL_ENABLE_DEBUG_INFO = NO;
				MTL_FAST_MATH = YES;
				SDKROOT = iphoneos;
				VALIDATE_PRODUCT = YES;
			};
			name = Release;
		};
		E6CC1BDE224F5DDB00A5C282 /* Debug */ = {
			isa = XCBuildConfiguration;
			buildSettings = {
				ASSETCATALOG_COMPILER_APPICON_NAME = AppIcon;
				CODE_SIGN_STYLE = Automatic;
				DEVELOPMENT_TEAM = 3A75DREAB8;
				INFOPLIST_FILE = LVThemeKit/Info.plist;
				LD_RUNPATH_SEARCH_PATHS = (
					"$(inherited)",
					"@executable_path/Frameworks",
				);
				PRODUCT_BUNDLE_IDENTIFIER = com.lvpengwei.LVThemeKit;
				PRODUCT_NAME = "$(TARGET_NAME)";
				TARGETED_DEVICE_FAMILY = "1,2";
			};
			name = Debug;
		};
		E6CC1BDF224F5DDB00A5C282 /* Release */ = {
			isa = XCBuildConfiguration;
			buildSettings = {
				ASSETCATALOG_COMPILER_APPICON_NAME = AppIcon;
				CODE_SIGN_STYLE = Automatic;
				DEVELOPMENT_TEAM = 3A75DREAB8;
				INFOPLIST_FILE = LVThemeKit/Info.plist;
				LD_RUNPATH_SEARCH_PATHS = (
					"$(inherited)",
					"@executable_path/Frameworks",
				);
				PRODUCT_BUNDLE_IDENTIFIER = com.lvpengwei.LVThemeKit;
				PRODUCT_NAME = "$(TARGET_NAME)";
				TARGETED_DEVICE_FAMILY = "1,2";
			};
			name = Release;
		};
/* End XCBuildConfiguration section */

/* Begin XCConfigurationList section */
		E6CC1BC2224F5DDB00A5C282 /* Build configuration list for PBXProject "LVThemeKit" */ = {
			isa = XCConfigurationList;
			buildConfigurations = (
				E6CC1BDB224F5DDB00A5C282 /* Debug */,
				E6CC1BDC224F5DDB00A5C282 /* Release */,
			);
			defaultConfigurationIsVisible = 0;
			defaultConfigurationName = Release;
		};
		E6CC1BDD224F5DDB00A5C282 /* Build configuration list for PBXNativeTarget "LVThemeKit" */ = {
			isa = XCConfigurationList;
			buildConfigurations = (
				E6CC1BDE224F5DDB00A5C282 /* Debug */,
				E6CC1BDF224F5DDB00A5C282 /* Release */,
			);
			defaultConfigurationIsVisible = 0;
			defaultConfigurationName = Release;
		};
/* End XCConfigurationList section */
	};
	rootObject = E6CC1BBF224F5DDB00A5C282 /* Project object */;
}
